{
  "name": "emoji-db",
  "version": "1.0.0",
  "lockfileVersion": 1,
  "requires": true,
  "dependencies": {
    "emojilib": {
      "version": "2.3.0",
      "resolved": "https://registry.npmjs.org/emojilib/-/emojilib-2.3.0.tgz",
      "integrity": "sha512-gDrDiITC7W5lvXTtUmk0k9soizsjfY9Wqr2GWsEMX7+cKChoxLt3RnT8zW32BvN1SFDQbi7+D5/+HNu/R+qvKA=="
    }
  }
}
