{
  "name": "emoji-db",
  "version": "1.0.0",
  "lockfileVersion": 1,
  "requires": true,
  "dependencies": {
    "emojilib": {
      "version": "2.2.12",
      "resolved": "https://registry.npmjs.org/emojilib/-/emojilib-2.2.12.tgz",
      "integrity": "sha512-mLNN5AY5Yl1BUeP+r9hFjWvyA1X+QWlS5iQzeVnQoZaklq3IIknm9FwP23QwD7Rg1H3dy35JYQHJyoKNFkxrvg=="
    }
  }
}
